{
    "_readme": [
        "This file locks the dependencies of your project to a known state",
        "Read more about it at http://getcomposer.org/doc/01-basic-usage.md#composer-lock-the-lock-file"
    ],
    "hash": "729e0b29fd30f22679b3abbb71532354",
    "packages": [
        {
            "name": "erusev/parsedown",
            "version": "dev-master",
            "source": {
                "type": "git",
                "url": "https://github.com/erusev/parsedown.git",
                "reference": "bc30ad8e30d19bf2f604cade1ab859613a2b7fc8"
            },
            "dist": {
                "type": "zip",
                "url": "https://api.github.com/repos/erusev/parsedown/zipball/bc30ad8e30d19bf2f604cade1ab859613a2b7fc8",
                "reference": "bc30ad8e30d19bf2f604cade1ab859613a2b7fc8",
                "shasum": ""
            },
            "type": "library",
            "autoload": {
                "psr-0": {
                    "Parsedown": ""
                }
            },
            "notification-url": "https://packagist.org/downloads/",
            "license": [
                "MIT"
            ],
            "authors": [
                {
                    "name": "Emanuil Rusev",
                    "email": "hello@erusev.com",
                    "homepage": "http://erusev.com"
                }
            ],
            "description": "Parser for Markdown.",
            "homepage": "http://parsedown.org",
            "keywords": [
                "markdown",
                "parser"
            ],
            "time": "2014-02-12 19:45:52"
        },
        {
            "name": "ircmaxell/password-compat",
            "version": "1.0.3",
            "source": {
                "type": "git",
                "url": "https://github.com/ircmaxell/password_compat.git",
                "reference": "1fc1521b5e9794ea77e4eca30717be9635f1d4f4"
            },
            "dist": {
                "type": "zip",
                "url": "https://api.github.com/repos/ircmaxell/password_compat/zipball/1fc1521b5e9794ea77e4eca30717be9635f1d4f4",
                "reference": "1fc1521b5e9794ea77e4eca30717be9635f1d4f4",
                "shasum": ""
            },
            "type": "library",
            "autoload": {
                "files": [
                    "lib/password.php"
                ]
            },
            "notification-url": "https://packagist.org/downloads/",
            "license": [
                "MIT"
            ],
            "authors": [
                {
                    "name": "Anthony Ferrara",
                    "email": "ircmaxell@php.net",
                    "homepage": "http://blog.ircmaxell.com"
                }
            ],
            "description": "A compatibility library for the proposed simplified password hashing algorithm: https://wiki.php.net/rfc/password_hash",
            "homepage": "https://github.com/ircmaxell/password_compat",
            "keywords": [
                "hashing",
                "password"
            ],
            "time": "2013-04-30 19:58:08"
        },
        {
            "name": "jeremykendall/password-validator",
            "version": "dev-master",
            "source": {
                "type": "git",
                "url": "https://github.com/jeremykendall/password-validator.git",
                "reference": "88ca3e0530d7800b4376a70a487fa9696538cf72"
            },
            "dist": {
                "type": "zip",
                "url": "https://api.github.com/repos/jeremykendall/password-validator/zipball/88ca3e0530d7800b4376a70a487fa9696538cf72",
                "reference": "88ca3e0530d7800b4376a70a487fa9696538cf72",
                "shasum": ""
            },
            "require": {
                "ircmaxell/password-compat": "1.*",
                "php": ">=5.3.7",
                "wp-cli/php-cli-tools": "~0.9.4"
            },
            "require-dev": {
                "league/phpunit-coverage-listener": "~1.1",
                "phpunit/phpunit": "3.*"
            },
            "bin": [
                "bin/cost-check",
                "bin/version-check"
            ],
            "type": "library",
            "autoload": {
                "psr-0": {
                    "JeremyKendall\\Password\\": "src/"
                }
            },
            "notification-url": "https://packagist.org/downloads/",
            "license": [
                "MIT"
            ],
            "authors": [
                {
                    "name": "Jeremy Kendall",
                    "homepage": "http://about.me/jeremykendall",
                    "role": "Developer"
                }
            ],
            "description": "Password Validator validates password_hash generated passwords, rehashes passwords as necessary, and will upgrade legacy passwords.",
            "homepage": "https://github.com/jeremykendall/password-validator",
            "keywords": [
                "password",
                "password validation",
                "password validator",
                "password_hash",
                "passwords",
                "security"
            ],
            "time": "2014-02-15 15:49:57"
        },
        {
            "name": "wp-cli/php-cli-tools",
            "version": "v0.9.4-patch46",
            "source": {
                "type": "git",
                "url": "https://github.com/wp-cli/php-cli-tools.git",
                "reference": "02d5ed4cdbab911df91bf06062c8b2705fb0919a"
            },
            "dist": {
                "type": "zip",
                "url": "https://api.github.com/repos/wp-cli/php-cli-tools/zipball/02d5ed4cdbab911df91bf06062c8b2705fb0919a",
                "reference": "02d5ed4cdbab911df91bf06062c8b2705fb0919a",
                "shasum": ""
            },
            "require": {
                "php": ">= 5.3.0"
            },
            "type": "library",
            "autoload": {
                "psr-0": {
                    "cli": "lib/"
                },
                "files": [
                    "lib/cli/cli.php"
                ]
            },
            "notification-url": "https://packagist.org/downloads/",
            "license": [
                "MIT"
            ],
            "authors": [
                {
                    "name": "James Logsdon",
                    "email": "jlogsdon@php.net",
                    "role": "Developer"
                }
            ],
            "description": "Console utilities for PHP",
            "homepage": "http://github.com/jlogsdon/php-cli-tools",
            "keywords": [
                "cli",
                "console"
            ],
            "time": "2014-02-01 23:11:00"
        }
    ],
    "packages-dev": [

    ],
    "aliases": [

    ],
    "minimum-stability": "stable",
    "stability-flags": {
        "erusev/parsedown": 20,
        "jeremykendall/password-validator": 20
    },
    "platform": [

    ],
    "platform-dev": [

    ]
}
